
Microsoft Visual Studio Solution File, Format Version 12.00
# Visual Studio Version 17
VisualStudioVersion = 17.14.36127.28
MinimumVisualStudioVersion = 10.0.40219.1
Project("{FAE04EC0-301F-11D3-BF4B-00C04F79EFBC}") = "MMORPGServer", "XCOServer\MMORPGServer.csproj", "{F39C479F-4738-460D-8149-173D7C73C2E7}"
EndProject
Global
	GlobalSection(SolutionConfigurationPlatforms) = preSolution
		Debug|Any CPU = Debug|Any CPU
		Release|Any CPU = Release|Any CPU
	EndGlobalSection
	GlobalSection(ProjectConfigurationPlatforms) = postSolution
		{F39C479F-4738-460D-8149-173D7C73C2E7}.Debug|Any CPU.ActiveCfg = Debug|Any CPU
		{F39C479F-4738-460D-8149-173D7C73C2E7}.Debug|Any CPU.Build.0 = Debug|Any CPU
		{F39C479F-4738-460D-8149-173D7C73C2E7}.Release|Any CPU.ActiveCfg = Release|Any CPU
		{F39C479F-4738-460D-8149-173D7C73C2E7}.Release|Any CPU.Build.0 = Release|Any CPU
	EndGlobalSection
	GlobalSection(SolutionProperties) = preSolution
		HideSolutionNode = FALSE
	EndGlobalSection
	GlobalSection(ExtensibilityGlobals) = postSolution
		SolutionGuid = {78578E43-96CB-43E3-9B64-FB168D791C0C}
	EndGlobalSection
EndGlobal
