
Microsoft Visual Studio Solution File, Format Version 12.00
# Visual Studio Version 17
VisualStudioVersion = 17.14.36127.28
MinimumVisualStudioVersion = 10.0.40219.1
Project("{FAE04EC0-301F-11D3-BF4B-00C04F79EFBC}") = "MMORPGServer", "MMORPGServer.csproj", "{9C03D26F-DE70-9D6A-4335-41A22D70F6E8}"
EndProject
Project("{FAE04EC0-301F-11D3-BF4B-00C04F79EFBC}") = "MMORPGServer.Domain", "..\MMORPGServer.Domain\MMORPGServer.Domain.csproj", "{50B65837-E755-4222-92A9-5283D5AA6B43}"
EndProject
Project("{FAE04EC0-301F-11D3-BF4B-00C04F79EFBC}") = "MMORPGServer.Application", "..\MMORPGServer.Application\MMORPGServer.Application.csproj", "{67E073D4-B818-492F-93B5-F1ECC1CB9EA1}"
EndProject
Project("{FAE04EC0-301F-11D3-BF4B-00C04F79EFBC}") = "MMORPGServer.Infrastructure", "..\MMORPGServer.Infrastructure\MMORPGServer.Infrastructure.csproj", "{EEB255D8-71DB-4466-BE94-DD385DDF2DC4}"
EndProject
Project("{FAE04EC0-301F-11D3-BF4B-00C04F79EFBC}") = "MMORPGServer.Network", "..\MMORPGServer.Network\MMORPGServer.Network.csproj", "{1696958F-4135-4057-B22F-9C12AE14FA5C}"
EndProject
Project("{FAE04EC0-301F-11D3-BF4B-00C04F79EFBC}") = "MMORPGServer.BackgroundServices", "..\MMORPGServer.BackgroundServices\MMORPGServer.BackgroundServices.csproj", "{2BD1548E-3A73-4FBB-8C69-1EF6B686ABA5}"
EndProject
Global
	GlobalSection(SolutionConfigurationPlatforms) = preSolution
		Debug|Any CPU = Debug|Any CPU
		Release|Any CPU = Release|Any CPU
	EndGlobalSection
	GlobalSection(ProjectConfigurationPlatforms) = postSolution
		{9C03D26F-DE70-9D6A-4335-41A22D70F6E8}.Debug|Any CPU.ActiveCfg = Debug|Any CPU
		{9C03D26F-DE70-9D6A-4335-41A22D70F6E8}.Debug|Any CPU.Build.0 = Debug|Any CPU
		{9C03D26F-DE70-9D6A-4335-41A22D70F6E8}.Release|Any CPU.ActiveCfg = Release|Any CPU
		{9C03D26F-DE70-9D6A-4335-41A22D70F6E8}.Release|Any CPU.Build.0 = Release|Any CPU
		{50B65837-E755-4222-92A9-5283D5AA6B43}.Debug|Any CPU.ActiveCfg = Debug|Any CPU
		{50B65837-E755-4222-92A9-5283D5AA6B43}.Debug|Any CPU.Build.0 = Debug|Any CPU
		{50B65837-E755-4222-92A9-5283D5AA6B43}.Release|Any CPU.ActiveCfg = Release|Any CPU
		{50B65837-E755-4222-92A9-5283D5AA6B43}.Release|Any CPU.Build.0 = Release|Any CPU
		{67E073D4-B818-492F-93B5-F1ECC1CB9EA1}.Debug|Any CPU.ActiveCfg = Debug|Any CPU
		{67E073D4-B818-492F-93B5-F1ECC1CB9EA1}.Debug|Any CPU.Build.0 = Debug|Any CPU
		{67E073D4-B818-492F-93B5-F1ECC1CB9EA1}.Release|Any CPU.ActiveCfg = Release|Any CPU
		{67E073D4-B818-492F-93B5-F1ECC1CB9EA1}.Release|Any CPU.Build.0 = Release|Any CPU
		{EEB255D8-71DB-4466-BE94-DD385DDF2DC4}.Debug|Any CPU.ActiveCfg = Debug|Any CPU
		{EEB255D8-71DB-4466-BE94-DD385DDF2DC4}.Debug|Any CPU.Build.0 = Debug|Any CPU
		{EEB255D8-71DB-4466-BE94-DD385DDF2DC4}.Release|Any CPU.ActiveCfg = Release|Any CPU
		{EEB255D8-71DB-4466-BE94-DD385DDF2DC4}.Release|Any CPU.Build.0 = Release|Any CPU
		{1696958F-4135-4057-B22F-9C12AE14FA5C}.Debug|Any CPU.ActiveCfg = Debug|Any CPU
		{1696958F-4135-4057-B22F-9C12AE14FA5C}.Debug|Any CPU.Build.0 = Debug|Any CPU
		{1696958F-4135-4057-B22F-9C12AE14FA5C}.Release|Any CPU.ActiveCfg = Release|Any CPU
		{1696958F-4135-4057-B22F-9C12AE14FA5C}.Release|Any CPU.Build.0 = Release|Any CPU
		{2BD1548E-3A73-4FBB-8C69-1EF6B686ABA5}.Debug|Any CPU.ActiveCfg = Debug|Any CPU
		{2BD1548E-3A73-4FBB-8C69-1EF6B686ABA5}.Debug|Any CPU.Build.0 = Debug|Any CPU
		{2BD1548E-3A73-4FBB-8C69-1EF6B686ABA5}.Release|Any CPU.ActiveCfg = Release|Any CPU
		{2BD1548E-3A73-4FBB-8C69-1EF6B686ABA5}.Release|Any CPU.Build.0 = Release|Any CPU
	EndGlobalSection
	GlobalSection(SolutionProperties) = preSolution
		HideSolutionNode = FALSE
	EndGlobalSection
	GlobalSection(ExtensibilityGlobals) = postSolution
		SolutionGuid = {3DB127A5-14C5-4E7E-89EA-009F517045FB}
	EndGlobalSection
EndGlobal
